
Microsoft Visual Studio Solution File, Format Version 12.00
# Visual Studio Version 17
VisualStudioVersion = 17.3.32811.315
MinimumVisualStudioVersion = 10.0.40219.1
Project("{FAE04EC0-301F-11D3-BF4B-00C04F79EFBC}") = "ConnectToSQLdatabase", "ConnectToSQLdatabase\ConnectToSQLdatabase.csproj", "{9E8F3944-E1F2-4057-821F-9761FFA12105}"
EndProject
Global
	GlobalSection(SolutionConfigurationPlatforms) = preSolution
		Debug|Any CPU = Debug|Any CPU
		Release|Any CPU = Release|Any CPU
	EndGlobalSection
	GlobalSection(ProjectConfigurationPlatforms) = postSolution
		{9E8F3944-E1F2-4057-821F-9761FFA12105}.Debug|Any CPU.ActiveCfg = Debug|Any CPU
		{9E8F3944-E1F2-4057-821F-9761FFA12105}.Debug|Any CPU.Build.0 = Debug|Any CPU
		{9E8F3944-E1F2-4057-821F-9761FFA12105}.Release|Any CPU.ActiveCfg = Release|Any CPU
		{9E8F3944-E1F2-4057-821F-9761FFA12105}.Release|Any CPU.Build.0 = Release|Any CPU
	EndGlobalSection
	GlobalSection(SolutionProperties) = preSolution
		HideSolutionNode = FALSE
	EndGlobalSection
	GlobalSection(ExtensibilityGlobals) = postSolution
		SolutionGuid = {B912FCD9-9582-41ED-BF8A-5B6A328945D7}
	EndGlobalSection
EndGlobal
